// !$*UTF8*$!
{
	archiveVersion = 1;
	classes = {
	};
	objectVersion = 51;
	objects = {

/* Begin PBXBuildFile section */
		045D427926B27B060082BCD1 /* AppDelegate.swift in Sources */ = {isa = PBXBuildFile; fileRef = 045D427826B27B060082BCD1 /* AppDelegate.swift */; };
		045D427B26B27B060082BCD1 /* SceneDelegate.swift in Sources */ = {isa = PBXBuildFile; fileRef = 045D427A26B27B060082BCD1 /* SceneDelegate.swift */; };
		045D427D26B27B060082BCD1 /* ViewController.swift in Sources */ = {isa = PBXBuildFile; fileRef = 045D427C26B27B060082BCD1 /* ViewController.swift */; };
		045D428026B27B060082BCD1 /* Main.storyboard in Resources */ = {isa = PBXBuildFile; fileRef = 045D427E26B27B060082BCD1 /* Main.storyboard */; };
		045D428326B27B060082BCD1 /* SMAC.xcdatamodeld in Sources */ = {isa = PBXBuildFile; fileRef = 045D428126B27B060082BCD1 /* SMAC.xcdatamodeld */; };
		045D428526B27B080082BCD1 /* Assets.xcassets in Resources */ = {isa = PBXBuildFile; fileRef = 045D428426B27B080082BCD1 /* Assets.xcassets */; };
		045D428826B27B080082BCD1 /* LaunchScreen.storyboard in Resources */ = {isa = PBXBuildFile; fileRef = 045D428626B27B080082BCD1 /* LaunchScreen.storyboard */; };
		045D429326B27B090082BCD1 /* SMACTests.swift in Sources */ = {isa = PBXBuildFile; fileRef = 045D429226B27B090082BCD1 /* SMACTests.swift */; };
		045D429E26B27B090082BCD1 /* SMACUITests.swift in Sources */ = {isa = PBXBuildFile; fileRef = 045D429D26B27B090082BCD1 /* SMACUITests.swift */; };
		045D42B826B4024C0082BCD1 /* LoginViewController.swift in Sources */ = {isa = PBXBuildFile; fileRef = 045D42B726B4024C0082BCD1 /* LoginViewController.swift */; };
		045D42C626B9283F0082BCD1 /* LoginViewCredentialModel.swift in Sources */ = {isa = PBXBuildFile; fileRef = 045D42C526B9283F0082BCD1 /* LoginViewCredentialModel.swift */; };
		045D42D126B929060082BCD1 /* LoginViewModel.swift in Sources */ = {isa = PBXBuildFile; fileRef = 045D42D026B929060082BCD1 /* LoginViewModel.swift */; };
		045D42D626B929590082BCD1 /* Login.swift in Sources */ = {isa = PBXBuildFile; fileRef = 045D42D526B929590082BCD1 /* Login.swift */; };
		045D42DD26B93A940082BCD1 /* Utility.swift in Sources */ = {isa = PBXBuildFile; fileRef = 045D42DC26B93A940082BCD1 /* Utility.swift */; };
		045D42E226B93A990082BCD1 /* Loader.swift in Sources */ = {isa = PBXBuildFile; fileRef = 045D42E126B93A990082BCD1 /* Loader.swift */; };
		045D42E726B93AB10082BCD1 /* DateTime.swift in Sources */ = {isa = PBXBuildFile; fileRef = 045D42E626B93AB10082BCD1 /* DateTime.swift */; };
		045D42F126B93ABB0082BCD1 /* Design.swift in Sources */ = {isa = PBXBuildFile; fileRef = 045D42EB26B93ABA0082BCD1 /* Design.swift */; };
		045D42F226B93ABB0082BCD1 /* FileUtils.swift in Sources */ = {isa = PBXBuildFile; fileRef = 045D42EC26B93ABA0082BCD1 /* FileUtils.swift */; };
		045D42F326B93ABB0082BCD1 /* Dimensions.swift in Sources */ = {isa = PBXBuildFile; fileRef = 045D42ED26B93ABA0082BCD1 /* Dimensions.swift */; };
		045D42F426B93ABB0082BCD1 /* Json.swift in Sources */ = {isa = PBXBuildFile; fileRef = 045D42EE26B93ABA0082BCD1 /* Json.swift */; };
		045D42F526B93ABB0082BCD1 /* Logger.swift in Sources */ = {isa = PBXBuildFile; fileRef = 045D42EF26B93ABA0082BCD1 /* Logger.swift */; };
		045D42F626B93ABB0082BCD1 /* ImageWithText.swift in Sources */ = {isa = PBXBuildFile; fileRef = 045D42F026B93ABA0082BCD1 /* ImageWithText.swift */; };
		045D42FF26B93AC40082BCD1 /* RoundedCorner.swift in Sources */ = {isa = PBXBuildFile; fileRef = 045D42FA26B93AC30082BCD1 /* RoundedCorner.swift */; };
		045D430026B93AC40082BCD1 /* UIColor+Theme.swift in Sources */ = {isa = PBXBuildFile; fileRef = 045D42FB26B93AC30082BCD1 /* UIColor+Theme.swift */; };
		045D430126B93AC40082BCD1 /* ViewControllerUtils.swift in Sources */ = {isa = PBXBuildFile; fileRef = 045D42FC26B93AC30082BCD1 /* ViewControllerUtils.swift */; };
		045D430226B93AC40082BCD1 /* UIViewController+Subview.swift in Sources */ = {isa = PBXBuildFile; fileRef = 045D42FD26B93AC30082BCD1 /* UIViewController+Subview.swift */; };
		045D430326B93AC40082BCD1 /* UINib+Loader.swift in Sources */ = {isa = PBXBuildFile; fileRef = 045D42FE26B93AC40082BCD1 /* UINib+Loader.swift */; };
		045D432126BBA7360082BCD1 /* DashboardViewController.swift in Sources */ = {isa = PBXBuildFile; fileRef = 045D432026BBA7360082BCD1 /* DashboardViewController.swift */; };
		045D432A26BBAA8B0082BCD1 /* DashboardViewModel.swift in Sources */ = {isa = PBXBuildFile; fileRef = 045D432926BBAA8B0082BCD1 /* DashboardViewModel.swift */; };
		045D432F26BBAA9F0082BCD1 /* DashboardModel.swift in Sources */ = {isa = PBXBuildFile; fileRef = 045D432E26BBAA9F0082BCD1 /* DashboardModel.swift */; };
		045D433726BBB1E70082BCD1 /* NetworkManager.swift in Sources */ = {isa = PBXBuildFile; fileRef = 045D433626BBB1E70082BCD1 /* NetworkManager.swift */; };
		045D433C26BBEB460082BCD1 /* StringConstant.swift in Sources */ = {isa = PBXBuildFile; fileRef = 045D433B26BBEB460082BCD1 /* StringConstant.swift */; };
		09F068364F230A84A4159667 /* Pods_SMAC_SMACUITests.framework in Frameworks */ = {isa = PBXBuildFile; fileRef = E7A8D82D803FE490CD2DD9FA /* Pods_SMAC_SMACUITests.framework */; };
		471CF8BC26BBB804008E1C9C /* SideMenuNavigationController.swift in Sources */ = {isa = PBXBuildFile; fileRef = 471CF8BB26BBB804008E1C9C /* SideMenuNavigationController.swift */; };
		471CF8C226BBB926008E1C9C /* PreferencesViewController.swift in Sources */ = {isa = PBXBuildFile; fileRef = 471CF8BD26BBB924008E1C9C /* PreferencesViewController.swift */; };
		471CF8C326BBB926008E1C9C /* UINavigationController+Extension.swift in Sources */ = {isa = PBXBuildFile; fileRef = 471CF8BE26BBB924008E1C9C /* UINavigationController+Extension.swift */; };

		471CF8C426BBB926008E1C9C /* TicketDetailViewController.swift in Sources */ = {isa = PBXBuildFile; fileRef = 471CF8BF26BBB925008E1C9C /* TicketDetailViewController.swift */; };
		471CF8C526BBB926008E1C9C /* CreateTicketViewController.swift in Sources */ = {isa = PBXBuildFile; fileRef = 471CF8C026BBB925008E1C9C /* CreateTicketViewController.swift */; };
		471CF8C626BBB926008E1C9C /* MenuViewController.swift in Sources */ = {isa = PBXBuildFile; fileRef = 471CF8C126BBB926008E1C9C /* MenuViewController.swift */; };
		471CF8C826BBB956008E1C9C /* SideMenuMain.storyboard in Resources */ = {isa = PBXBuildFile; fileRef = 471CF8C726BBB956008E1C9C /* SideMenuMain.storyboard */; };
		471CF8D626BBBC63008E1C9C /* UIViewController+SideMenu.swift in Sources */ = {isa = PBXBuildFile; fileRef = 471CF8CB26BBBC63008E1C9C /* UIViewController+SideMenu.swift */; };
		471CF8D726BBBC63008E1C9C /* StatusBar.swift in Sources */ = {isa = PBXBuildFile; fileRef = 471CF8CC26BBBC63008E1C9C /* StatusBar.swift */; };
		471CF8D826BBBC63008E1C9C /* Preferences.swift in Sources */ = {isa = PBXBuildFile; fileRef = 471CF8CD26BBBC63008E1C9C /* Preferences.swift */; };
		471CF8D926BBBC63008E1C9C /* Delegate.swift in Sources */ = {isa = PBXBuildFile; fileRef = 471CF8CE26BBBC63008E1C9C /* Delegate.swift */; };
		471CF8DA26BBBC63008E1C9C /* TransitionContext.swift in Sources */ = {isa = PBXBuildFile; fileRef = 471CF8CF26BBBC63008E1C9C /* TransitionContext.swift */; };
		471CF8DB26BBBC63008E1C9C /* UIViewController+Container.swift in Sources */ = {isa = PBXBuildFile; fileRef = 471CF8D026BBBC63008E1C9C /* UIViewController+Container.swift */; };
		471CF8DC26BBBC63008E1C9C /* Segue.swift in Sources */ = {isa = PBXBuildFile; fileRef = 471CF8D126BBBC63008E1C9C /* Segue.swift */; };
		471CF8DD26BBBC63008E1C9C /* UIView+Container.swift in Sources */ = {isa = PBXBuildFile; fileRef = 471CF8D226BBBC63008E1C9C /* UIView+Container.swift */; };
		471CF8DE26BBBC63008E1C9C /* SideMenuController.swift in Sources */ = {isa = PBXBuildFile; fileRef = 471CF8D326BBBC63008E1C9C /* SideMenuController.swift */; };
		471CF8DF26BBBC63008E1C9C /* BasicTransitionAnimator.swift in Sources */ = {isa = PBXBuildFile; fileRef = 471CF8D426BBBC63008E1C9C /* BasicTransitionAnimator.swift */; };
		78C156CFF801853A0CE9D756 /* Pods_SMAC.framework in Frameworks */ = {isa = PBXBuildFile; fileRef = 9A6C0D348225983DC447117B /* Pods_SMAC.framework */; };
		A8BB806DFF5E950CE23C4704 /* Pods_SMACTests.framework in Frameworks */ = {isa = PBXBuildFile; fileRef = 6FDE01A691804D830AE6679B /* Pods_SMACTests.framework */; };
/* End PBXBuildFile section */

/* Begin PBXContainerItemProxy section */
		045D428F26B27B090082BCD1 /* PBXContainerItemProxy */ = {
			isa = PBXContainerItemProxy;
			containerPortal = 045D426D26B27B060082BCD1 /* Project object */;
			proxyType = 1;
			remoteGlobalIDString = 045D427426B27B060082BCD1;
			remoteInfo = SMAC;
		};
		045D429A26B27B090082BCD1 /* PBXContainerItemProxy */ = {
			isa = PBXContainerItemProxy;
			containerPortal = 045D426D26B27B060082BCD1 /* Project object */;
			proxyType = 1;
			remoteGlobalIDString = 045D427426B27B060082BCD1;
			remoteInfo = SMAC;
		};
/* End PBXContainerItemProxy section */

/* Begin PBXFileReference section */
		045D427526B27B060082BCD1 /* SMAC.app */ = {isa = PBXFileReference; explicitFileType = wrapper.application; includeInIndex = 0; path = SMAC.app; sourceTree = BUILT_PRODUCTS_DIR; };
		045D427826B27B060082BCD1 /* AppDelegate.swift */ = {isa = PBXFileReference; lastKnownFileType = sourcecode.swift; path = AppDelegate.swift; sourceTree = "<group>"; };
		045D427A26B27B060082BCD1 /* SceneDelegate.swift */ = {isa = PBXFileReference; lastKnownFileType = sourcecode.swift; path = SceneDelegate.swift; sourceTree = "<group>"; };
		045D427C26B27B060082BCD1 /* ViewController.swift */ = {isa = PBXFileReference; lastKnownFileType = sourcecode.swift; path = ViewController.swift; sourceTree = "<group>"; };
		045D427F26B27B060082BCD1 /* Base */ = {isa = PBXFileReference; lastKnownFileType = file.storyboard; name = Base; path = Base.lproj/Main.storyboard; sourceTree = "<group>"; };
		045D428226B27B060082BCD1 /* SMAC.xcdatamodel */ = {isa = PBXFileReference; lastKnownFileType = wrapper.xcdatamodel; path = SMAC.xcdatamodel; sourceTree = "<group>"; };
		045D428426B27B080082BCD1 /* Assets.xcassets */ = {isa = PBXFileReference; lastKnownFileType = folder.assetcatalog; path = Assets.xcassets; sourceTree = "<group>"; };
		045D428726B27B080082BCD1 /* Base */ = {isa = PBXFileReference; lastKnownFileType = file.storyboard; name = Base; path = Base.lproj/LaunchScreen.storyboard; sourceTree = "<group>"; };
		045D428926B27B080082BCD1 /* Info.plist */ = {isa = PBXFileReference; lastKnownFileType = text.plist.xml; path = Info.plist; sourceTree = "<group>"; };
		045D428E26B27B090082BCD1 /* SMACTests.xctest */ = {isa = PBXFileReference; explicitFileType = wrapper.cfbundle; includeInIndex = 0; path = SMACTests.xctest; sourceTree = BUILT_PRODUCTS_DIR; };
		045D429226B27B090082BCD1 /* SMACTests.swift */ = {isa = PBXFileReference; lastKnownFileType = sourcecode.swift; path = SMACTests.swift; sourceTree = "<group>"; };
		045D429426B27B090082BCD1 /* Info.plist */ = {isa = PBXFileReference; lastKnownFileType = text.plist.xml; path = Info.plist; sourceTree = "<group>"; };
		045D429926B27B090082BCD1 /* SMACUITests.xctest */ = {isa = PBXFileReference; explicitFileType = wrapper.cfbundle; includeInIndex = 0; path = SMACUITests.xctest; sourceTree = BUILT_PRODUCTS_DIR; };
		045D429D26B27B090082BCD1 /* SMACUITests.swift */ = {isa = PBXFileReference; lastKnownFileType = sourcecode.swift; path = SMACUITests.swift; sourceTree = "<group>"; };
		045D429F26B27B090082BCD1 /* Info.plist */ = {isa = PBXFileReference; lastKnownFileType = text.plist.xml; path = Info.plist; sourceTree = "<group>"; };
		045D42B726B4024C0082BCD1 /* LoginViewController.swift */ = {isa = PBXFileReference; fileEncoding = 4; lastKnownFileType = sourcecode.swift; path = LoginViewController.swift; sourceTree = "<group>"; };
		045D42C526B9283F0082BCD1 /* LoginViewCredentialModel.swift */ = {isa = PBXFileReference; lastKnownFileType = sourcecode.swift; path = LoginViewCredentialModel.swift; sourceTree = "<group>"; };
		045D42D026B929060082BCD1 /* LoginViewModel.swift */ = {isa = PBXFileReference; lastKnownFileType = sourcecode.swift; path = LoginViewModel.swift; sourceTree = "<group>"; };
		045D42D526B929590082BCD1 /* Login.swift */ = {isa = PBXFileReference; lastKnownFileType = sourcecode.swift; path = Login.swift; sourceTree = "<group>"; };
		045D42DC26B93A940082BCD1 /* Utility.swift */ = {isa = PBXFileReference; fileEncoding = 4; lastKnownFileType = sourcecode.swift; path = Utility.swift; sourceTree = "<group>"; };
		045D42E126B93A990082BCD1 /* Loader.swift */ = {isa = PBXFileReference; fileEncoding = 4; lastKnownFileType = sourcecode.swift; path = Loader.swift; sourceTree = "<group>"; };
		045D42E626B93AB10082BCD1 /* DateTime.swift */ = {isa = PBXFileReference; fileEncoding = 4; lastKnownFileType = sourcecode.swift; path = DateTime.swift; sourceTree = "<group>"; };
		045D42EB26B93ABA0082BCD1 /* Design.swift */ = {isa = PBXFileReference; fileEncoding = 4; lastKnownFileType = sourcecode.swift; path = Design.swift; sourceTree = "<group>"; };
		045D42EC26B93ABA0082BCD1 /* FileUtils.swift */ = {isa = PBXFileReference; fileEncoding = 4; lastKnownFileType = sourcecode.swift; path = FileUtils.swift; sourceTree = "<group>"; };
		045D42ED26B93ABA0082BCD1 /* Dimensions.swift */ = {isa = PBXFileReference; fileEncoding = 4; lastKnownFileType = sourcecode.swift; path = Dimensions.swift; sourceTree = "<group>"; };
		045D42EE26B93ABA0082BCD1 /* Json.swift */ = {isa = PBXFileReference; fileEncoding = 4; lastKnownFileType = sourcecode.swift; path = Json.swift; sourceTree = "<group>"; };
		045D42EF26B93ABA0082BCD1 /* Logger.swift */ = {isa = PBXFileReference; fileEncoding = 4; lastKnownFileType = sourcecode.swift; path = Logger.swift; sourceTree = "<group>"; };
		045D42F026B93ABA0082BCD1 /* ImageWithText.swift */ = {isa = PBXFileReference; fileEncoding = 4; lastKnownFileType = sourcecode.swift; path = ImageWithText.swift; sourceTree = "<group>"; };
		045D42FA26B93AC30082BCD1 /* RoundedCorner.swift */ = {isa = PBXFileReference; fileEncoding = 4; lastKnownFileType = sourcecode.swift; path = RoundedCorner.swift; sourceTree = "<group>"; };
		045D42FB26B93AC30082BCD1 /* UIColor+Theme.swift */ = {isa = PBXFileReference; fileEncoding = 4; lastKnownFileType = sourcecode.swift; path = "UIColor+Theme.swift"; sourceTree = "<group>"; };
		045D42FC26B93AC30082BCD1 /* ViewControllerUtils.swift */ = {isa = PBXFileReference; fileEncoding = 4; lastKnownFileType = sourcecode.swift; path = ViewControllerUtils.swift; sourceTree = "<group>"; };
		045D42FD26B93AC30082BCD1 /* UIViewController+Subview.swift */ = {isa = PBXFileReference; fileEncoding = 4; lastKnownFileType = sourcecode.swift; path = "UIViewController+Subview.swift"; sourceTree = "<group>"; };
		045D42FE26B93AC40082BCD1 /* UINib+Loader.swift */ = {isa = PBXFileReference; fileEncoding = 4; lastKnownFileType = sourcecode.swift; path = "UINib+Loader.swift"; sourceTree = "<group>"; };
		045D432026BBA7360082BCD1 /* DashboardViewController.swift */ = {isa = PBXFileReference; lastKnownFileType = sourcecode.swift; path = DashboardViewController.swift; sourceTree = "<group>"; };
		045D432926BBAA8B0082BCD1 /* DashboardViewModel.swift */ = {isa = PBXFileReference; lastKnownFileType = sourcecode.swift; path = DashboardViewModel.swift; sourceTree = "<group>"; };
		045D432E26BBAA9F0082BCD1 /* DashboardModel.swift */ = {isa = PBXFileReference; lastKnownFileType = sourcecode.swift; path = DashboardModel.swift; sourceTree = "<group>"; };
		045D433626BBB1E70082BCD1 /* NetworkManager.swift */ = {isa = PBXFileReference; lastKnownFileType = sourcecode.swift; path = NetworkManager.swift; sourceTree = "<group>"; };
		045D433B26BBEB460082BCD1 /* StringConstant.swift */ = {isa = PBXFileReference; fileEncoding = 4; lastKnownFileType = sourcecode.swift; path = StringConstant.swift; sourceTree = "<group>"; };
		1864D2E0E5A830C2C3AAB50B /* Pods-SMAC-SMACUITests.debug.xcconfig */ = {isa = PBXFileReference; includeInIndex = 1; lastKnownFileType = text.xcconfig; name = "Pods-SMAC-SMACUITests.debug.xcconfig"; path = "Target Support Files/Pods-SMAC-SMACUITests/Pods-SMAC-SMACUITests.debug.xcconfig"; sourceTree = "<group>"; };
		32800C720F30C60C5BD93448 /* Pods-SMAC-SMACUITests.release.xcconfig */ = {isa = PBXFileReference; includeInIndex = 1; lastKnownFileType = text.xcconfig; name = "Pods-SMAC-SMACUITests.release.xcconfig"; path = "Target Support Files/Pods-SMAC-SMACUITests/Pods-SMAC-SMACUITests.release.xcconfig"; sourceTree = "<group>"; };
		471CF8BB26BBB804008E1C9C /* SideMenuNavigationController.swift */ = {isa = PBXFileReference; lastKnownFileType = sourcecode.swift; path = SideMenuNavigationController.swift; sourceTree = "<group>"; };
		471CF8BD26BBB924008E1C9C /* PreferencesViewController.swift */ = {isa = PBXFileReference; fileEncoding = 4; lastKnownFileType = sourcecode.swift; path = PreferencesViewController.swift; sourceTree = "<group>"; };
		471CF8BE26BBB924008E1C9C /* UINavigationController+Extension.swift */ = {isa = PBXFileReference; fileEncoding = 4; lastKnownFileType = sourcecode.swift; path = "UINavigationController+Extension.swift"; sourceTree = "<group>"; };
<<<<<<< HEAD
=======
		471CF8BF26BBB925008E1C9C /* TicketDetailViewController.swift */ = {isa = PBXFileReference; fileEncoding = 4; lastKnownFileType = sourcecode.swift; path = TicketDetailViewController.swift; sourceTree = "<group>"; };
		471CF8C026BBB925008E1C9C /* CreateTicketViewController.swift */ = {isa = PBXFileReference; fileEncoding = 4; lastKnownFileType = sourcecode.swift; path = CreateTicketViewController.swift; sourceTree = "<group>"; };
>>>>>>> 09deee54e5b1a9f6114d4211a22c3992f9d5a314
		471CF8C126BBB926008E1C9C /* MenuViewController.swift */ = {isa = PBXFileReference; fileEncoding = 4; lastKnownFileType = sourcecode.swift; path = MenuViewController.swift; sourceTree = "<group>"; };
		471CF8C726BBB956008E1C9C /* SideMenuMain.storyboard */ = {isa = PBXFileReference; fileEncoding = 4; lastKnownFileType = file.storyboard; path = SideMenuMain.storyboard; sourceTree = "<group>"; };
		471CF8CA26BBBC63008E1C9C /* SideMenu.h */ = {isa = PBXFileReference; fileEncoding = 4; lastKnownFileType = sourcecode.c.h; path = SideMenu.h; sourceTree = "<group>"; };
		471CF8CB26BBBC63008E1C9C /* UIViewController+SideMenu.swift */ = {isa = PBXFileReference; fileEncoding = 4; lastKnownFileType = sourcecode.swift; path = "UIViewController+SideMenu.swift"; sourceTree = "<group>"; };
		471CF8CC26BBBC63008E1C9C /* StatusBar.swift */ = {isa = PBXFileReference; fileEncoding = 4; lastKnownFileType = sourcecode.swift; path = StatusBar.swift; sourceTree = "<group>"; };
		471CF8CD26BBBC63008E1C9C /* Preferences.swift */ = {isa = PBXFileReference; fileEncoding = 4; lastKnownFileType = sourcecode.swift; path = Preferences.swift; sourceTree = "<group>"; };
		471CF8CE26BBBC63008E1C9C /* Delegate.swift */ = {isa = PBXFileReference; fileEncoding = 4; lastKnownFileType = sourcecode.swift; path = Delegate.swift; sourceTree = "<group>"; };
		471CF8CF26BBBC63008E1C9C /* TransitionContext.swift */ = {isa = PBXFileReference; fileEncoding = 4; lastKnownFileType = sourcecode.swift; path = TransitionContext.swift; sourceTree = "<group>"; };
		471CF8D026BBBC63008E1C9C /* UIViewController+Container.swift */ = {isa = PBXFileReference; fileEncoding = 4; lastKnownFileType = sourcecode.swift; path = "UIViewController+Container.swift"; sourceTree = "<group>"; };
		471CF8D126BBBC63008E1C9C /* Segue.swift */ = {isa = PBXFileReference; fileEncoding = 4; lastKnownFileType = sourcecode.swift; path = Segue.swift; sourceTree = "<group>"; };
		471CF8D226BBBC63008E1C9C /* UIView+Container.swift */ = {isa = PBXFileReference; fileEncoding = 4; lastKnownFileType = sourcecode.swift; path = "UIView+Container.swift"; sourceTree = "<group>"; };
		471CF8D326BBBC63008E1C9C /* SideMenuController.swift */ = {isa = PBXFileReference; fileEncoding = 4; lastKnownFileType = sourcecode.swift; path = SideMenuController.swift; sourceTree = "<group>"; };
		471CF8D426BBBC63008E1C9C /* BasicTransitionAnimator.swift */ = {isa = PBXFileReference; fileEncoding = 4; lastKnownFileType = sourcecode.swift; path = BasicTransitionAnimator.swift; sourceTree = "<group>"; };
		6FDE01A691804D830AE6679B /* Pods_SMACTests.framework */ = {isa = PBXFileReference; explicitFileType = wrapper.framework; includeInIndex = 0; path = Pods_SMACTests.framework; sourceTree = BUILT_PRODUCTS_DIR; };
		798204F65C994BADBEF48024 /* Pods-SMACTests.debug.xcconfig */ = {isa = PBXFileReference; includeInIndex = 1; lastKnownFileType = text.xcconfig; name = "Pods-SMACTests.debug.xcconfig"; path = "Target Support Files/Pods-SMACTests/Pods-SMACTests.debug.xcconfig"; sourceTree = "<group>"; };
		8203EFA064D44C82B8E26171 /* Pods-SMAC.debug.xcconfig */ = {isa = PBXFileReference; includeInIndex = 1; lastKnownFileType = text.xcconfig; name = "Pods-SMAC.debug.xcconfig"; path = "Target Support Files/Pods-SMAC/Pods-SMAC.debug.xcconfig"; sourceTree = "<group>"; };
		9A6C0D348225983DC447117B /* Pods_SMAC.framework */ = {isa = PBXFileReference; explicitFileType = wrapper.framework; includeInIndex = 0; path = Pods_SMAC.framework; sourceTree = BUILT_PRODUCTS_DIR; };
		D4B3B182C98191E47E886D49 /* Pods-SMACTests.release.xcconfig */ = {isa = PBXFileReference; includeInIndex = 1; lastKnownFileType = text.xcconfig; name = "Pods-SMACTests.release.xcconfig"; path = "Target Support Files/Pods-SMACTests/Pods-SMACTests.release.xcconfig"; sourceTree = "<group>"; };
		D8974FAFD957EA69ED50C762 /* Pods-SMAC.release.xcconfig */ = {isa = PBXFileReference; includeInIndex = 1; lastKnownFileType = text.xcconfig; name = "Pods-SMAC.release.xcconfig"; path = "Target Support Files/Pods-SMAC/Pods-SMAC.release.xcconfig"; sourceTree = "<group>"; };
		E7A8D82D803FE490CD2DD9FA /* Pods_SMAC_SMACUITests.framework */ = {isa = PBXFileReference; explicitFileType = wrapper.framework; includeInIndex = 0; path = Pods_SMAC_SMACUITests.framework; sourceTree = BUILT_PRODUCTS_DIR; };
/* End PBXFileReference section */

/* Begin PBXFrameworksBuildPhase section */
		045D427226B27B060082BCD1 /* Frameworks */ = {
			isa = PBXFrameworksBuildPhase;
			buildActionMask = 2147483647;
			files = (
				78C156CFF801853A0CE9D756 /* Pods_SMAC.framework in Frameworks */,
			);
			runOnlyForDeploymentPostprocessing = 0;
		};
		045D428B26B27B090082BCD1 /* Frameworks */ = {
			isa = PBXFrameworksBuildPhase;
			buildActionMask = 2147483647;
			files = (
				A8BB806DFF5E950CE23C4704 /* Pods_SMACTests.framework in Frameworks */,
			);
			runOnlyForDeploymentPostprocessing = 0;
		};
		045D429626B27B090082BCD1 /* Frameworks */ = {
			isa = PBXFrameworksBuildPhase;
			buildActionMask = 2147483647;
			files = (
				09F068364F230A84A4159667 /* Pods_SMAC_SMACUITests.framework in Frameworks */,
			);
			runOnlyForDeploymentPostprocessing = 0;
		};
/* End PBXFrameworksBuildPhase section */

/* Begin PBXGroup section */
		045D426C26B27B060082BCD1 = {
			isa = PBXGroup;
			children = (
				045D427726B27B060082BCD1 /* SMAC */,
				045D429126B27B090082BCD1 /* SMACTests */,
				045D429C26B27B090082BCD1 /* SMACUITests */,
				045D427626B27B060082BCD1 /* Products */,
				8EE15BD81B8B91BBD4BCF640 /* Pods */,
				21A4A3A0C3F1C9CA49580AD8 /* Frameworks */,
			);
			sourceTree = "<group>";
		};
		045D427626B27B060082BCD1 /* Products */ = {
			isa = PBXGroup;
			children = (
				045D427526B27B060082BCD1 /* SMAC.app */,
				045D428E26B27B090082BCD1 /* SMACTests.xctest */,
				045D429926B27B090082BCD1 /* SMACUITests.xctest */,
			);
			name = Products;
			sourceTree = "<group>";
		};
		045D427726B27B060082BCD1 /* SMAC */ = {
			isa = PBXGroup;
			children = (
				471CF8B826BBB726008E1C9C /* SideMenu */,
				045D431926B93DE00082BCD1 /* Dashboard */,
				045D42B326B402120082BCD1 /* Login */,
				045D42DB26B93A770082BCD1 /* Extension */,
				045D42DA26B93A700082BCD1 /* Utility */,
				045D42AF26B2834D0082BCD1 /* AppDelegate */,
				045D432526BBA8980082BCD1 /* Network */,
				045D42AE26B283330082BCD1 /* Resource */,
				045D427C26B27B060082BCD1 /* ViewController.swift */,
				045D428926B27B080082BCD1 /* Info.plist */,
				045D428126B27B060082BCD1 /* SMAC.xcdatamodeld */,
			);
			path = SMAC;
			sourceTree = "<group>";
		};
		045D429126B27B090082BCD1 /* SMACTests */ = {
			isa = PBXGroup;
			children = (
				045D429226B27B090082BCD1 /* SMACTests.swift */,
				045D429426B27B090082BCD1 /* Info.plist */,
			);
			path = SMACTests;
			sourceTree = "<group>";
		};
		045D429C26B27B090082BCD1 /* SMACUITests */ = {
			isa = PBXGroup;
			children = (
				045D429D26B27B090082BCD1 /* SMACUITests.swift */,
				045D429F26B27B090082BCD1 /* Info.plist */,
			);
			path = SMACUITests;
			sourceTree = "<group>";
		};
		045D42AE26B283330082BCD1 /* Resource */ = {
			isa = PBXGroup;
			children = (
				045D428426B27B080082BCD1 /* Assets.xcassets */,
				045D428626B27B080082BCD1 /* LaunchScreen.storyboard */,
				045D427E26B27B060082BCD1 /* Main.storyboard */,
			);
			path = Resource;
			sourceTree = "<group>";
		};
		045D42AF26B2834D0082BCD1 /* AppDelegate */ = {
			isa = PBXGroup;
			children = (
				045D427A26B27B060082BCD1 /* SceneDelegate.swift */,
				045D427826B27B060082BCD1 /* AppDelegate.swift */,
			);
			path = AppDelegate;
			sourceTree = "<group>";
		};
		045D42B326B402120082BCD1 /* Login */ = {
			isa = PBXGroup;
			children = (
				045D42C426B927CE0082BCD1 /* ViewModel */,
				045D42C326B927C60082BCD1 /* Model */,
				045D42C226B927BC0082BCD1 /* View */,
			);
			path = Login;
			sourceTree = "<group>";
		};
		045D42C226B927BC0082BCD1 /* View */ = {
			isa = PBXGroup;
			children = (
				045D42B726B4024C0082BCD1 /* LoginViewController.swift */,
			);
			path = View;
			sourceTree = "<group>";
		};
		045D42C326B927C60082BCD1 /* Model */ = {
			isa = PBXGroup;
			children = (
				045D42D526B929590082BCD1 /* Login.swift */,
			);
			path = Model;
			sourceTree = "<group>";
		};
		045D42C426B927CE0082BCD1 /* ViewModel */ = {
			isa = PBXGroup;
			children = (
				045D42C526B9283F0082BCD1 /* LoginViewCredentialModel.swift */,
				045D42D026B929060082BCD1 /* LoginViewModel.swift */,
			);
			path = ViewModel;
			sourceTree = "<group>";
		};
		045D42DA26B93A700082BCD1 /* Utility */ = {
			isa = PBXGroup;
			children = (
				045D433B26BBEB460082BCD1 /* StringConstant.swift */,
				045D42E126B93A990082BCD1 /* Loader.swift */,
				045D42DC26B93A940082BCD1 /* Utility.swift */,
			);
			path = Utility;
			sourceTree = "<group>";
		};
		045D42DB26B93A770082BCD1 /* Extension */ = {
			isa = PBXGroup;
			children = (
				045D42E626B93AB10082BCD1 /* DateTime.swift */,
				045D42EB26B93ABA0082BCD1 /* Design.swift */,
				045D42ED26B93ABA0082BCD1 /* Dimensions.swift */,
				045D42EC26B93ABA0082BCD1 /* FileUtils.swift */,
				045D42F026B93ABA0082BCD1 /* ImageWithText.swift */,
				045D42FA26B93AC30082BCD1 /* RoundedCorner.swift */,
				045D42FB26B93AC30082BCD1 /* UIColor+Theme.swift */,
				045D42FE26B93AC40082BCD1 /* UINib+Loader.swift */,
				045D42FD26B93AC30082BCD1 /* UIViewController+Subview.swift */,
				045D42FC26B93AC30082BCD1 /* ViewControllerUtils.swift */,
				045D42EE26B93ABA0082BCD1 /* Json.swift */,
				045D42EF26B93ABA0082BCD1 /* Logger.swift */,
			);
			path = Extension;
			sourceTree = "<group>";
		};
		045D431926B93DE00082BCD1 /* Dashboard */ = {
			isa = PBXGroup;
			children = (
				045D431F26BBA6CD0082BCD1 /* Model */,
				045D431E26BBA6C40082BCD1 /* View */,
				045D431D26BBA6BA0082BCD1 /* ViewModel */,
			);
			path = Dashboard;
			sourceTree = "<group>";
		};
		045D431D26BBA6BA0082BCD1 /* ViewModel */ = {
			isa = PBXGroup;
			children = (
				045D432926BBAA8B0082BCD1 /* DashboardViewModel.swift */,
			);
			path = ViewModel;
			sourceTree = "<group>";
		};
		045D431E26BBA6C40082BCD1 /* View */ = {
			isa = PBXGroup;
			children = (
				045D432026BBA7360082BCD1 /* DashboardViewController.swift */,
			);
			path = View;
			sourceTree = "<group>";
		};
		045D431F26BBA6CD0082BCD1 /* Model */ = {
			isa = PBXGroup;
			children = (
				045D432E26BBAA9F0082BCD1 /* DashboardModel.swift */,
			);
			path = Model;
			sourceTree = "<group>";
		};
		045D432526BBA8980082BCD1 /* Network */ = {
			isa = PBXGroup;
			children = (
				045D433626BBB1E70082BCD1 /* NetworkManager.swift */,
			);
			path = Network;
			sourceTree = "<group>";
		};
		21A4A3A0C3F1C9CA49580AD8 /* Frameworks */ = {
			isa = PBXGroup;
			children = (
				9A6C0D348225983DC447117B /* Pods_SMAC.framework */,
				E7A8D82D803FE490CD2DD9FA /* Pods_SMAC_SMACUITests.framework */,
				6FDE01A691804D830AE6679B /* Pods_SMACTests.framework */,
			);
			name = Frameworks;
			sourceTree = "<group>";
		};
		471CF8B826BBB726008E1C9C /* SideMenu */ = {
			isa = PBXGroup;
			children = (
				471CF8C926BBBC63008E1C9C /* SideMenu */,
				471CF8C726BBB956008E1C9C /* SideMenuMain.storyboard */,
				471CF8C126BBB926008E1C9C /* MenuViewController.swift */,
<<<<<<< HEAD
				471CF8BD26BBB924008E1C9C /* PreferencesViewController.swift */,
				471CF8BE26BBB924008E1C9C /* UINavigationController+Extension.swift */,
=======
				471CF8C026BBB925008E1C9C /* CreateTicketViewController.swift */,
				471CF8BD26BBB924008E1C9C /* PreferencesViewController.swift */,
				471CF8BE26BBB924008E1C9C /* UINavigationController+Extension.swift */,
				471CF8BF26BBB925008E1C9C /* TicketDetailViewController.swift */,
>>>>>>> 09deee54e5b1a9f6114d4211a22c3992f9d5a314
				471CF8BB26BBB804008E1C9C /* SideMenuNavigationController.swift */,
			);
			path = SideMenu;
			sourceTree = "<group>";
		};
		471CF8C926BBBC63008E1C9C /* SideMenu */ = {
			isa = PBXGroup;
			children = (
				471CF8CA26BBBC63008E1C9C /* SideMenu.h */,
				471CF8CB26BBBC63008E1C9C /* UIViewController+SideMenu.swift */,
				471CF8CC26BBBC63008E1C9C /* StatusBar.swift */,
				471CF8CD26BBBC63008E1C9C /* Preferences.swift */,
				471CF8CE26BBBC63008E1C9C /* Delegate.swift */,
				471CF8CF26BBBC63008E1C9C /* TransitionContext.swift */,
				471CF8D026BBBC63008E1C9C /* UIViewController+Container.swift */,
				471CF8D126BBBC63008E1C9C /* Segue.swift */,
				471CF8D226BBBC63008E1C9C /* UIView+Container.swift */,
				471CF8D326BBBC63008E1C9C /* SideMenuController.swift */,
				471CF8D426BBBC63008E1C9C /* BasicTransitionAnimator.swift */,
			);
			path = SideMenu;
			sourceTree = "<group>";
		};
		8EE15BD81B8B91BBD4BCF640 /* Pods */ = {
			isa = PBXGroup;
			children = (
				8203EFA064D44C82B8E26171 /* Pods-SMAC.debug.xcconfig */,
				D8974FAFD957EA69ED50C762 /* Pods-SMAC.release.xcconfig */,
				1864D2E0E5A830C2C3AAB50B /* Pods-SMAC-SMACUITests.debug.xcconfig */,
				32800C720F30C60C5BD93448 /* Pods-SMAC-SMACUITests.release.xcconfig */,
				798204F65C994BADBEF48024 /* Pods-SMACTests.debug.xcconfig */,
				D4B3B182C98191E47E886D49 /* Pods-SMACTests.release.xcconfig */,
			);
			path = Pods;
			sourceTree = "<group>";
		};
/* End PBXGroup section */

/* Begin PBXNativeTarget section */
		045D427426B27B060082BCD1 /* SMAC */ = {
			isa = PBXNativeTarget;
			buildConfigurationList = 045D42A226B27B090082BCD1 /* Build configuration list for PBXNativeTarget "SMAC" */;
			buildPhases = (
				0663EEF6F9F466BADBD3434D /* [CP] Check Pods Manifest.lock */,
				045D427126B27B060082BCD1 /* Sources */,
				045D427226B27B060082BCD1 /* Frameworks */,
				045D427326B27B060082BCD1 /* Resources */,
				99A4804026ABC09F153063A3 /* [CP] Embed Pods Frameworks */,
			);
			buildRules = (
			);
			dependencies = (
			);
			name = SMAC;
			productName = SMAC;
			productReference = 045D427526B27B060082BCD1 /* SMAC.app */;
			productType = "com.apple.product-type.application";
		};
		045D428D26B27B090082BCD1 /* SMACTests */ = {
			isa = PBXNativeTarget;
			buildConfigurationList = 045D42A526B27B090082BCD1 /* Build configuration list for PBXNativeTarget "SMACTests" */;
			buildPhases = (
				107519C406F1836978DCDABF /* [CP] Check Pods Manifest.lock */,
				045D428A26B27B090082BCD1 /* Sources */,
				045D428B26B27B090082BCD1 /* Frameworks */,
				045D428C26B27B090082BCD1 /* Resources */,
			);
			buildRules = (
			);
			dependencies = (
				045D429026B27B090082BCD1 /* PBXTargetDependency */,
			);
			name = SMACTests;
			productName = SMACTests;
			productReference = 045D428E26B27B090082BCD1 /* SMACTests.xctest */;
			productType = "com.apple.product-type.bundle.unit-test";
		};
		045D429826B27B090082BCD1 /* SMACUITests */ = {
			isa = PBXNativeTarget;
			buildConfigurationList = 045D42A826B27B090082BCD1 /* Build configuration list for PBXNativeTarget "SMACUITests" */;
			buildPhases = (
				2925FF2909B569053C4EA5C9 /* [CP] Check Pods Manifest.lock */,
				045D429526B27B090082BCD1 /* Sources */,
				045D429626B27B090082BCD1 /* Frameworks */,
				045D429726B27B090082BCD1 /* Resources */,
				55E26467B2DECEABA5FFB825 /* [CP] Embed Pods Frameworks */,
			);
			buildRules = (
			);
			dependencies = (
				045D429B26B27B090082BCD1 /* PBXTargetDependency */,
			);
			name = SMACUITests;
			productName = SMACUITests;
			productReference = 045D429926B27B090082BCD1 /* SMACUITests.xctest */;
			productType = "com.apple.product-type.bundle.ui-testing";
		};
/* End PBXNativeTarget section */

/* Begin PBXProject section */
		045D426D26B27B060082BCD1 /* Project object */ = {
			isa = PBXProject;
			attributes = {
				LastSwiftUpdateCheck = 1240;
				LastUpgradeCheck = 1240;
				TargetAttributes = {
					045D427426B27B060082BCD1 = {
						CreatedOnToolsVersion = 12.4;
					};
					045D428D26B27B090082BCD1 = {
						CreatedOnToolsVersion = 12.4;
						TestTargetID = 045D427426B27B060082BCD1;
					};
					045D429826B27B090082BCD1 = {
						CreatedOnToolsVersion = 12.4;
						TestTargetID = 045D427426B27B060082BCD1;
					};
				};
			};
			buildConfigurationList = 045D427026B27B060082BCD1 /* Build configuration list for PBXProject "SMAC" */;
			compatibilityVersion = "Xcode 9.3";
			developmentRegion = en;
			hasScannedForEncodings = 0;
			knownRegions = (
				en,
				Base,
			);
			mainGroup = 045D426C26B27B060082BCD1;
			productRefGroup = 045D427626B27B060082BCD1 /* Products */;
			projectDirPath = "";
			projectRoot = "";
			targets = (
				045D427426B27B060082BCD1 /* SMAC */,
				045D428D26B27B090082BCD1 /* SMACTests */,
				045D429826B27B090082BCD1 /* SMACUITests */,
			);
		};
/* End PBXProject section */

/* Begin PBXResourcesBuildPhase section */
		045D427326B27B060082BCD1 /* Resources */ = {
			isa = PBXResourcesBuildPhase;
			buildActionMask = 2147483647;
			files = (
				045D428826B27B080082BCD1 /* LaunchScreen.storyboard in Resources */,
				045D428526B27B080082BCD1 /* Assets.xcassets in Resources */,
				045D428026B27B060082BCD1 /* Main.storyboard in Resources */,
				471CF8C826BBB956008E1C9C /* SideMenuMain.storyboard in Resources */,
			);
			runOnlyForDeploymentPostprocessing = 0;
		};
		045D428C26B27B090082BCD1 /* Resources */ = {
			isa = PBXResourcesBuildPhase;
			buildActionMask = 2147483647;
			files = (
			);
			runOnlyForDeploymentPostprocessing = 0;
		};
		045D429726B27B090082BCD1 /* Resources */ = {
			isa = PBXResourcesBuildPhase;
			buildActionMask = 2147483647;
			files = (
			);
			runOnlyForDeploymentPostprocessing = 0;
		};
/* End PBXResourcesBuildPhase section */

/* Begin PBXShellScriptBuildPhase section */
		0663EEF6F9F466BADBD3434D /* [CP] Check Pods Manifest.lock */ = {
			isa = PBXShellScriptBuildPhase;
			buildActionMask = 2147483647;
			files = (
			);
			inputFileListPaths = (
			);
			inputPaths = (
				"${PODS_PODFILE_DIR_PATH}/Podfile.lock",
				"${PODS_ROOT}/Manifest.lock",
			);
			name = "[CP] Check Pods Manifest.lock";
			outputFileListPaths = (
			);
			outputPaths = (
				"$(DERIVED_FILE_DIR)/Pods-SMAC-checkManifestLockResult.txt",
			);
			runOnlyForDeploymentPostprocessing = 0;
			shellPath = /bin/sh;
			shellScript = "diff \"${PODS_PODFILE_DIR_PATH}/Podfile.lock\" \"${PODS_ROOT}/Manifest.lock\" > /dev/null\nif [ $? != 0 ] ; then\n    # print error to STDERR\n    echo \"error: The sandbox is not in sync with the Podfile.lock. Run 'pod install' or update your CocoaPods installation.\" >&2\n    exit 1\nfi\n# This output is used by Xcode 'outputs' to avoid re-running this script phase.\necho \"SUCCESS\" > \"${SCRIPT_OUTPUT_FILE_0}\"\n";
			showEnvVarsInLog = 0;
		};
		107519C406F1836978DCDABF /* [CP] Check Pods Manifest.lock */ = {
			isa = PBXShellScriptBuildPhase;
			buildActionMask = 2147483647;
			files = (
			);
			inputFileListPaths = (
			);
			inputPaths = (
				"${PODS_PODFILE_DIR_PATH}/Podfile.lock",
				"${PODS_ROOT}/Manifest.lock",
			);
			name = "[CP] Check Pods Manifest.lock";
			outputFileListPaths = (
			);
			outputPaths = (
				"$(DERIVED_FILE_DIR)/Pods-SMACTests-checkManifestLockResult.txt",
			);
			runOnlyForDeploymentPostprocessing = 0;
			shellPath = /bin/sh;
			shellScript = "diff \"${PODS_PODFILE_DIR_PATH}/Podfile.lock\" \"${PODS_ROOT}/Manifest.lock\" > /dev/null\nif [ $? != 0 ] ; then\n    # print error to STDERR\n    echo \"error: The sandbox is not in sync with the Podfile.lock. Run 'pod install' or update your CocoaPods installation.\" >&2\n    exit 1\nfi\n# This output is used by Xcode 'outputs' to avoid re-running this script phase.\necho \"SUCCESS\" > \"${SCRIPT_OUTPUT_FILE_0}\"\n";
			showEnvVarsInLog = 0;
		};
		2925FF2909B569053C4EA5C9 /* [CP] Check Pods Manifest.lock */ = {
			isa = PBXShellScriptBuildPhase;
			buildActionMask = 2147483647;
			files = (
			);
			inputFileListPaths = (
			);
			inputPaths = (
				"${PODS_PODFILE_DIR_PATH}/Podfile.lock",
				"${PODS_ROOT}/Manifest.lock",
			);
			name = "[CP] Check Pods Manifest.lock";
			outputFileListPaths = (
			);
			outputPaths = (
				"$(DERIVED_FILE_DIR)/Pods-SMAC-SMACUITests-checkManifestLockResult.txt",
			);
			runOnlyForDeploymentPostprocessing = 0;
			shellPath = /bin/sh;
			shellScript = "diff \"${PODS_PODFILE_DIR_PATH}/Podfile.lock\" \"${PODS_ROOT}/Manifest.lock\" > /dev/null\nif [ $? != 0 ] ; then\n    # print error to STDERR\n    echo \"error: The sandbox is not in sync with the Podfile.lock. Run 'pod install' or update your CocoaPods installation.\" >&2\n    exit 1\nfi\n# This output is used by Xcode 'outputs' to avoid re-running this script phase.\necho \"SUCCESS\" > \"${SCRIPT_OUTPUT_FILE_0}\"\n";
			showEnvVarsInLog = 0;
		};
		55E26467B2DECEABA5FFB825 /* [CP] Embed Pods Frameworks */ = {
			isa = PBXShellScriptBuildPhase;
			buildActionMask = 2147483647;
			files = (
			);
			inputFileListPaths = (
				"${PODS_ROOT}/Target Support Files/Pods-SMAC-SMACUITests/Pods-SMAC-SMACUITests-frameworks-${CONFIGURATION}-input-files.xcfilelist",
			);
			name = "[CP] Embed Pods Frameworks";
			outputFileListPaths = (
				"${PODS_ROOT}/Target Support Files/Pods-SMAC-SMACUITests/Pods-SMAC-SMACUITests-frameworks-${CONFIGURATION}-output-files.xcfilelist",
			);
			runOnlyForDeploymentPostprocessing = 0;
			shellPath = /bin/sh;
			shellScript = "\"${PODS_ROOT}/Target Support Files/Pods-SMAC-SMACUITests/Pods-SMAC-SMACUITests-frameworks.sh\"\n";
			showEnvVarsInLog = 0;
		};
		99A4804026ABC09F153063A3 /* [CP] Embed Pods Frameworks */ = {
			isa = PBXShellScriptBuildPhase;
			buildActionMask = 2147483647;
			files = (
			);
			inputFileListPaths = (
				"${PODS_ROOT}/Target Support Files/Pods-SMAC/Pods-SMAC-frameworks-${CONFIGURATION}-input-files.xcfilelist",
			);
			name = "[CP] Embed Pods Frameworks";
			outputFileListPaths = (
				"${PODS_ROOT}/Target Support Files/Pods-SMAC/Pods-SMAC-frameworks-${CONFIGURATION}-output-files.xcfilelist",
			);
			runOnlyForDeploymentPostprocessing = 0;
			shellPath = /bin/sh;
			shellScript = "\"${PODS_ROOT}/Target Support Files/Pods-SMAC/Pods-SMAC-frameworks.sh\"\n";
			showEnvVarsInLog = 0;
		};
/* End PBXShellScriptBuildPhase section */

/* Begin PBXSourcesBuildPhase section */
		045D427126B27B060082BCD1 /* Sources */ = {
			isa = PBXSourcesBuildPhase;
			buildActionMask = 2147483647;
			files = (
				045D433C26BBEB460082BCD1 /* StringConstant.swift in Sources */,
				045D427D26B27B060082BCD1 /* ViewController.swift in Sources */,
				471CF8DB26BBBC63008E1C9C /* UIViewController+Container.swift in Sources */,
				045D432126BBA7360082BCD1 /* DashboardViewController.swift in Sources */,
<<<<<<< HEAD
=======
				471CF8C526BBB926008E1C9C /* CreateTicketViewController.swift in Sources */,
>>>>>>> 09deee54e5b1a9f6114d4211a22c3992f9d5a314
				471CF8DF26BBBC63008E1C9C /* BasicTransitionAnimator.swift in Sources */,
				045D428326B27B060082BCD1 /* SMAC.xcdatamodeld in Sources */,
				045D42DD26B93A940082BCD1 /* Utility.swift in Sources */,
				045D42C626B9283F0082BCD1 /* LoginViewCredentialModel.swift in Sources */,
				471CF8D826BBBC63008E1C9C /* Preferences.swift in Sources */,
				045D430326B93AC40082BCD1 /* UINib+Loader.swift in Sources */,
				471CF8C626BBB926008E1C9C /* MenuViewController.swift in Sources */,
				045D430126B93AC40082BCD1 /* ViewControllerUtils.swift in Sources */,
				471CF8DA26BBBC63008E1C9C /* TransitionContext.swift in Sources */,
				045D42E226B93A990082BCD1 /* Loader.swift in Sources */,
				045D427926B27B060082BCD1 /* AppDelegate.swift in Sources */,
				045D430226B93AC40082BCD1 /* UIViewController+Subview.swift in Sources */,
				045D42F426B93ABB0082BCD1 /* Json.swift in Sources */,
				471CF8DD26BBBC63008E1C9C /* UIView+Container.swift in Sources */,
				471CF8C326BBB926008E1C9C /* UINavigationController+Extension.swift in Sources */,
				471CF8DC26BBBC63008E1C9C /* Segue.swift in Sources */,
				045D42F626B93ABB0082BCD1 /* ImageWithText.swift in Sources */,
				045D42F526B93ABB0082BCD1 /* Logger.swift in Sources */,
				045D42B826B4024C0082BCD1 /* LoginViewController.swift in Sources */,
				045D427B26B27B060082BCD1 /* SceneDelegate.swift in Sources */,
				045D432A26BBAA8B0082BCD1 /* DashboardViewModel.swift in Sources */,
<<<<<<< HEAD
				045D433726BBB1E70082BCD1 /* NetworkManager.swift in Sources */,
=======
				471CF8C426BBB926008E1C9C /* TicketDetailViewController.swift in Sources */,
>>>>>>> 09deee54e5b1a9f6114d4211a22c3992f9d5a314
				471CF8DE26BBBC63008E1C9C /* SideMenuController.swift in Sources */,
				045D430026B93AC40082BCD1 /* UIColor+Theme.swift in Sources */,
				471CF8D726BBBC63008E1C9C /* StatusBar.swift in Sources */,
				045D42D126B929060082BCD1 /* LoginViewModel.swift in Sources */,
				045D42FF26B93AC40082BCD1 /* RoundedCorner.swift in Sources */,
				471CF8BC26BBB804008E1C9C /* SideMenuNavigationController.swift in Sources */,
				471CF8C226BBB926008E1C9C /* PreferencesViewController.swift in Sources */,
				045D42F226B93ABB0082BCD1 /* FileUtils.swift in Sources */,
				045D432F26BBAA9F0082BCD1 /* DashboardModel.swift in Sources */,
				045D42F126B93ABB0082BCD1 /* Design.swift in Sources */,
				471CF8D626BBBC63008E1C9C /* UIViewController+SideMenu.swift in Sources */,
				471CF8D926BBBC63008E1C9C /* Delegate.swift in Sources */,
				045D42D626B929590082BCD1 /* Login.swift in Sources */,
				045D42F326B93ABB0082BCD1 /* Dimensions.swift in Sources */,
				045D42E726B93AB10082BCD1 /* DateTime.swift in Sources */,
			);
			runOnlyForDeploymentPostprocessing = 0;
		};
		045D428A26B27B090082BCD1 /* Sources */ = {
			isa = PBXSourcesBuildPhase;
			buildActionMask = 2147483647;
			files = (
				045D429326B27B090082BCD1 /* SMACTests.swift in Sources */,
			);
			runOnlyForDeploymentPostprocessing = 0;
		};
		045D429526B27B090082BCD1 /* Sources */ = {
			isa = PBXSourcesBuildPhase;
			buildActionMask = 2147483647;
			files = (
				045D429E26B27B090082BCD1 /* SMACUITests.swift in Sources */,
			);
			runOnlyForDeploymentPostprocessing = 0;
		};
/* End PBXSourcesBuildPhase section */

/* Begin PBXTargetDependency section */
		045D429026B27B090082BCD1 /* PBXTargetDependency */ = {
			isa = PBXTargetDependency;
			target = 045D427426B27B060082BCD1 /* SMAC */;
			targetProxy = 045D428F26B27B090082BCD1 /* PBXContainerItemProxy */;
		};
		045D429B26B27B090082BCD1 /* PBXTargetDependency */ = {
			isa = PBXTargetDependency;
			target = 045D427426B27B060082BCD1 /* SMAC */;
			targetProxy = 045D429A26B27B090082BCD1 /* PBXContainerItemProxy */;
		};
/* End PBXTargetDependency section */

/* Begin PBXVariantGroup section */
		045D427E26B27B060082BCD1 /* Main.storyboard */ = {
			isa = PBXVariantGroup;
			children = (
				045D427F26B27B060082BCD1 /* Base */,
			);
			name = Main.storyboard;
			sourceTree = "<group>";
		};
		045D428626B27B080082BCD1 /* LaunchScreen.storyboard */ = {
			isa = PBXVariantGroup;
			children = (
				045D428726B27B080082BCD1 /* Base */,
			);
			name = LaunchScreen.storyboard;
			sourceTree = "<group>";
		};
/* End PBXVariantGroup section */

/* Begin XCBuildConfiguration section */
		045D42A026B27B090082BCD1 /* Debug */ = {
			isa = XCBuildConfiguration;
			buildSettings = {
				ALWAYS_SEARCH_USER_PATHS = NO;
				CLANG_ANALYZER_NONNULL = YES;
				CLANG_ANALYZER_NUMBER_OBJECT_CONVERSION = YES_AGGRESSIVE;
				CLANG_CXX_LANGUAGE_STANDARD = "gnu++14";
				CLANG_CXX_LIBRARY = "libc++";
				CLANG_ENABLE_MODULES = YES;
				CLANG_ENABLE_OBJC_ARC = YES;
				CLANG_ENABLE_OBJC_WEAK = YES;
				CLANG_WARN_BLOCK_CAPTURE_AUTORELEASING = YES;
				CLANG_WARN_BOOL_CONVERSION = YES;
				CLANG_WARN_COMMA = YES;
				CLANG_WARN_CONSTANT_CONVERSION = YES;
				CLANG_WARN_DEPRECATED_OBJC_IMPLEMENTATIONS = YES;
				CLANG_WARN_DIRECT_OBJC_ISA_USAGE = YES_ERROR;
				CLANG_WARN_DOCUMENTATION_COMMENTS = YES;
				CLANG_WARN_EMPTY_BODY = YES;
				CLANG_WARN_ENUM_CONVERSION = YES;
				CLANG_WARN_INFINITE_RECURSION = YES;
				CLANG_WARN_INT_CONVERSION = YES;
				CLANG_WARN_NON_LITERAL_NULL_CONVERSION = YES;
				CLANG_WARN_OBJC_IMPLICIT_RETAIN_SELF = YES;
				CLANG_WARN_OBJC_LITERAL_CONVERSION = YES;
				CLANG_WARN_OBJC_ROOT_CLASS = YES_ERROR;
				CLANG_WARN_QUOTED_INCLUDE_IN_FRAMEWORK_HEADER = YES;
				CLANG_WARN_RANGE_LOOP_ANALYSIS = YES;
				CLANG_WARN_STRICT_PROTOTYPES = YES;
				CLANG_WARN_SUSPICIOUS_MOVE = YES;
				CLANG_WARN_UNGUARDED_AVAILABILITY = YES_AGGRESSIVE;
				CLANG_WARN_UNREACHABLE_CODE = YES;
				CLANG_WARN__DUPLICATE_METHOD_MATCH = YES;
				COPY_PHASE_STRIP = NO;
				DEBUG_INFORMATION_FORMAT = dwarf;
				ENABLE_STRICT_OBJC_MSGSEND = YES;
				ENABLE_TESTABILITY = YES;
				GCC_C_LANGUAGE_STANDARD = gnu11;
				GCC_DYNAMIC_NO_PIC = NO;
				GCC_NO_COMMON_BLOCKS = YES;
				GCC_OPTIMIZATION_LEVEL = 0;
				GCC_PREPROCESSOR_DEFINITIONS = (
					"DEBUG=1",
					"$(inherited)",
				);
				GCC_WARN_64_TO_32_BIT_CONVERSION = YES;
				GCC_WARN_ABOUT_RETURN_TYPE = YES_ERROR;
				GCC_WARN_UNDECLARED_SELECTOR = YES;
				GCC_WARN_UNINITIALIZED_AUTOS = YES_AGGRESSIVE;
				GCC_WARN_UNUSED_FUNCTION = YES;
				GCC_WARN_UNUSED_VARIABLE = YES;
				IPHONEOS_DEPLOYMENT_TARGET = 14.4;
				MTL_ENABLE_DEBUG_INFO = INCLUDE_SOURCE;
				MTL_FAST_MATH = YES;
				ONLY_ACTIVE_ARCH = YES;
				SDKROOT = iphoneos;
				SWIFT_ACTIVE_COMPILATION_CONDITIONS = DEBUG;
				SWIFT_OPTIMIZATION_LEVEL = "-Onone";
			};
			name = Debug;
		};
		045D42A126B27B090082BCD1 /* Release */ = {
			isa = XCBuildConfiguration;
			buildSettings = {
				ALWAYS_SEARCH_USER_PATHS = NO;
				CLANG_ANALYZER_NONNULL = YES;
				CLANG_ANALYZER_NUMBER_OBJECT_CONVERSION = YES_AGGRESSIVE;
				CLANG_CXX_LANGUAGE_STANDARD = "gnu++14";
				CLANG_CXX_LIBRARY = "libc++";
				CLANG_ENABLE_MODULES = YES;
				CLANG_ENABLE_OBJC_ARC = YES;
				CLANG_ENABLE_OBJC_WEAK = YES;
				CLANG_WARN_BLOCK_CAPTURE_AUTORELEASING = YES;
				CLANG_WARN_BOOL_CONVERSION = YES;
				CLANG_WARN_COMMA = YES;
				CLANG_WARN_CONSTANT_CONVERSION = YES;
				CLANG_WARN_DEPRECATED_OBJC_IMPLEMENTATIONS = YES;
				CLANG_WARN_DIRECT_OBJC_ISA_USAGE = YES_ERROR;
				CLANG_WARN_DOCUMENTATION_COMMENTS = YES;
				CLANG_WARN_EMPTY_BODY = YES;
				CLANG_WARN_ENUM_CONVERSION = YES;
				CLANG_WARN_INFINITE_RECURSION = YES;
				CLANG_WARN_INT_CONVERSION = YES;
				CLANG_WARN_NON_LITERAL_NULL_CONVERSION = YES;
				CLANG_WARN_OBJC_IMPLICIT_RETAIN_SELF = YES;
				CLANG_WARN_OBJC_LITERAL_CONVERSION = YES;
				CLANG_WARN_OBJC_ROOT_CLASS = YES_ERROR;
				CLANG_WARN_QUOTED_INCLUDE_IN_FRAMEWORK_HEADER = YES;
				CLANG_WARN_RANGE_LOOP_ANALYSIS = YES;
				CLANG_WARN_STRICT_PROTOTYPES = YES;
				CLANG_WARN_SUSPICIOUS_MOVE = YES;
				CLANG_WARN_UNGUARDED_AVAILABILITY = YES_AGGRESSIVE;
				CLANG_WARN_UNREACHABLE_CODE = YES;
				CLANG_WARN__DUPLICATE_METHOD_MATCH = YES;
				COPY_PHASE_STRIP = NO;
				DEBUG_INFORMATION_FORMAT = "dwarf-with-dsym";
				ENABLE_NS_ASSERTIONS = NO;
				ENABLE_STRICT_OBJC_MSGSEND = YES;
				GCC_C_LANGUAGE_STANDARD = gnu11;
				GCC_NO_COMMON_BLOCKS = YES;
				GCC_WARN_64_TO_32_BIT_CONVERSION = YES;
				GCC_WARN_ABOUT_RETURN_TYPE = YES_ERROR;
				GCC_WARN_UNDECLARED_SELECTOR = YES;
				GCC_WARN_UNINITIALIZED_AUTOS = YES_AGGRESSIVE;
				GCC_WARN_UNUSED_FUNCTION = YES;
				GCC_WARN_UNUSED_VARIABLE = YES;
				IPHONEOS_DEPLOYMENT_TARGET = 14.4;
				MTL_ENABLE_DEBUG_INFO = NO;
				MTL_FAST_MATH = YES;
				SDKROOT = iphoneos;
				SWIFT_COMPILATION_MODE = wholemodule;
				SWIFT_OPTIMIZATION_LEVEL = "-O";
				VALIDATE_PRODUCT = YES;
			};
			name = Release;
		};
		045D42A326B27B090082BCD1 /* Debug */ = {
			isa = XCBuildConfiguration;
			baseConfigurationReference = 8203EFA064D44C82B8E26171 /* Pods-SMAC.debug.xcconfig */;
			buildSettings = {
				ASSETCATALOG_COMPILER_APPICON_NAME = AppIcon;
				ASSETCATALOG_COMPILER_GLOBAL_ACCENT_COLOR_NAME = AccentColor;
				CODE_SIGN_STYLE = Automatic;
				INFOPLIST_FILE = SMAC/Info.plist;
				IPHONEOS_DEPLOYMENT_TARGET = 12.3;
				LD_RUNPATH_SEARCH_PATHS = (
					"$(inherited)",
					"@executable_path/Frameworks",
				);
				PRODUCT_BUNDLE_IDENTIFIER = intekmicro.com.SMAC;
				PRODUCT_NAME = "$(TARGET_NAME)";
				SWIFT_VERSION = 5.0;
				TARGETED_DEVICE_FAMILY = "1,2";
			};
			name = Debug;
		};
		045D42A426B27B090082BCD1 /* Release */ = {
			isa = XCBuildConfiguration;
			baseConfigurationReference = D8974FAFD957EA69ED50C762 /* Pods-SMAC.release.xcconfig */;
			buildSettings = {
				ASSETCATALOG_COMPILER_APPICON_NAME = AppIcon;
				ASSETCATALOG_COMPILER_GLOBAL_ACCENT_COLOR_NAME = AccentColor;
				CODE_SIGN_STYLE = Automatic;
				INFOPLIST_FILE = SMAC/Info.plist;
				IPHONEOS_DEPLOYMENT_TARGET = 12.3;
				LD_RUNPATH_SEARCH_PATHS = (
					"$(inherited)",
					"@executable_path/Frameworks",
				);
				PRODUCT_BUNDLE_IDENTIFIER = intekmicro.com.SMAC;
				PRODUCT_NAME = "$(TARGET_NAME)";
				SWIFT_VERSION = 5.0;
				TARGETED_DEVICE_FAMILY = "1,2";
			};
			name = Release;
		};
		045D42A626B27B090082BCD1 /* Debug */ = {
			isa = XCBuildConfiguration;
			baseConfigurationReference = 798204F65C994BADBEF48024 /* Pods-SMACTests.debug.xcconfig */;
			buildSettings = {
				ALWAYS_EMBED_SWIFT_STANDARD_LIBRARIES = YES;
				BUNDLE_LOADER = "$(TEST_HOST)";
				CODE_SIGN_STYLE = Automatic;
				INFOPLIST_FILE = SMACTests/Info.plist;
				IPHONEOS_DEPLOYMENT_TARGET = 14.4;
				LD_RUNPATH_SEARCH_PATHS = (
					"$(inherited)",
					"@executable_path/Frameworks",
					"@loader_path/Frameworks",
				);
				PRODUCT_BUNDLE_IDENTIFIER = intekmicro.com.SMACTests;
				PRODUCT_NAME = "$(TARGET_NAME)";
				SWIFT_VERSION = 5.0;
				TARGETED_DEVICE_FAMILY = "1,2";
				TEST_HOST = "$(BUILT_PRODUCTS_DIR)/SMAC.app/SMAC";
			};
			name = Debug;
		};
		045D42A726B27B090082BCD1 /* Release */ = {
			isa = XCBuildConfiguration;
			baseConfigurationReference = D4B3B182C98191E47E886D49 /* Pods-SMACTests.release.xcconfig */;
			buildSettings = {
				ALWAYS_EMBED_SWIFT_STANDARD_LIBRARIES = YES;
				BUNDLE_LOADER = "$(TEST_HOST)";
				CODE_SIGN_STYLE = Automatic;
				INFOPLIST_FILE = SMACTests/Info.plist;
				IPHONEOS_DEPLOYMENT_TARGET = 14.4;
				LD_RUNPATH_SEARCH_PATHS = (
					"$(inherited)",
					"@executable_path/Frameworks",
					"@loader_path/Frameworks",
				);
				PRODUCT_BUNDLE_IDENTIFIER = intekmicro.com.SMACTests;
				PRODUCT_NAME = "$(TARGET_NAME)";
				SWIFT_VERSION = 5.0;
				TARGETED_DEVICE_FAMILY = "1,2";
				TEST_HOST = "$(BUILT_PRODUCTS_DIR)/SMAC.app/SMAC";
			};
			name = Release;
		};
		045D42A926B27B090082BCD1 /* Debug */ = {
			isa = XCBuildConfiguration;
			baseConfigurationReference = 1864D2E0E5A830C2C3AAB50B /* Pods-SMAC-SMACUITests.debug.xcconfig */;
			buildSettings = {
				ALWAYS_EMBED_SWIFT_STANDARD_LIBRARIES = YES;
				CODE_SIGN_STYLE = Automatic;
				INFOPLIST_FILE = SMACUITests/Info.plist;
				LD_RUNPATH_SEARCH_PATHS = (
					"$(inherited)",
					"@executable_path/Frameworks",
					"@loader_path/Frameworks",
				);
				PRODUCT_BUNDLE_IDENTIFIER = intekmicro.com.SMACUITests;
				PRODUCT_NAME = "$(TARGET_NAME)";
				SWIFT_VERSION = 5.0;
				TARGETED_DEVICE_FAMILY = "1,2";
				TEST_TARGET_NAME = SMAC;
			};
			name = Debug;
		};
		045D42AA26B27B090082BCD1 /* Release */ = {
			isa = XCBuildConfiguration;
			baseConfigurationReference = 32800C720F30C60C5BD93448 /* Pods-SMAC-SMACUITests.release.xcconfig */;
			buildSettings = {
				ALWAYS_EMBED_SWIFT_STANDARD_LIBRARIES = YES;
				CODE_SIGN_STYLE = Automatic;
				INFOPLIST_FILE = SMACUITests/Info.plist;
				LD_RUNPATH_SEARCH_PATHS = (
					"$(inherited)",
					"@executable_path/Frameworks",
					"@loader_path/Frameworks",
				);
				PRODUCT_BUNDLE_IDENTIFIER = intekmicro.com.SMACUITests;
				PRODUCT_NAME = "$(TARGET_NAME)";
				SWIFT_VERSION = 5.0;
				TARGETED_DEVICE_FAMILY = "1,2";
				TEST_TARGET_NAME = SMAC;
			};
			name = Release;
		};
/* End XCBuildConfiguration section */

/* Begin XCConfigurationList section */
		045D427026B27B060082BCD1 /* Build configuration list for PBXProject "SMAC" */ = {
			isa = XCConfigurationList;
			buildConfigurations = (
				045D42A026B27B090082BCD1 /* Debug */,
				045D42A126B27B090082BCD1 /* Release */,
			);
			defaultConfigurationIsVisible = 0;
			defaultConfigurationName = Release;
		};
		045D42A226B27B090082BCD1 /* Build configuration list for PBXNativeTarget "SMAC" */ = {
			isa = XCConfigurationList;
			buildConfigurations = (
				045D42A326B27B090082BCD1 /* Debug */,
				045D42A426B27B090082BCD1 /* Release */,
			);
			defaultConfigurationIsVisible = 0;
			defaultConfigurationName = Release;
		};
		045D42A526B27B090082BCD1 /* Build configuration list for PBXNativeTarget "SMACTests" */ = {
			isa = XCConfigurationList;
			buildConfigurations = (
				045D42A626B27B090082BCD1 /* Debug */,
				045D42A726B27B090082BCD1 /* Release */,
			);
			defaultConfigurationIsVisible = 0;
			defaultConfigurationName = Release;
		};
		045D42A826B27B090082BCD1 /* Build configuration list for PBXNativeTarget "SMACUITests" */ = {
			isa = XCConfigurationList;
			buildConfigurations = (
				045D42A926B27B090082BCD1 /* Debug */,
				045D42AA26B27B090082BCD1 /* Release */,
			);
			defaultConfigurationIsVisible = 0;
			defaultConfigurationName = Release;
		};
/* End XCConfigurationList section */

/* Begin XCVersionGroup section */
		045D428126B27B060082BCD1 /* SMAC.xcdatamodeld */ = {
			isa = XCVersionGroup;
			children = (
				045D428226B27B060082BCD1 /* SMAC.xcdatamodel */,
			);
			currentVersion = 045D428226B27B060082BCD1 /* SMAC.xcdatamodel */;
			path = SMAC.xcdatamodeld;
			sourceTree = "<group>";
			versionGroupType = wrapper.xcdatamodel;
		};
/* End XCVersionGroup section */
	};
	rootObject = 045D426D26B27B060082BCD1 /* Project object */;
}
